// !$*UTF8*$!
{
	archiveVersion = 1;
	classes = {
	};
	objectVersion = 56;
	objects = {

/* Begin PBXBuildFile section */
		320E7BC62AAA7E2900BEC8EE /* CPlantsSimulation.cpp in Sources */ = {isa = PBXBuildFile; fileRef = 320E7BBF2AAA7E2900BEC8EE /* CPlantsSimulation.cpp */; };
		320E7BC72AAA7E2900BEC8EE /* main.cpp in Sources */ = {isa = PBXBuildFile; fileRef = 320E7BC22AAA7E2900BEC8EE /* main.cpp */; };
		320E7BC82AAA7E2900BEC8EE /* CForest.cpp in Sources */ = {isa = PBXBuildFile; fileRef = 320E7BC32AAA7E2900BEC8EE /* CForest.cpp */; };
		320E7BCD2AAA7E3F00BEC8EE /* PsHelper.cpp in Sources */ = {isa = PBXBuildFile; fileRef = 320E7BCB2AAA7E3F00BEC8EE /* PsHelper.cpp */; };
		320E7BCF2AAC104000BEC8EE /* CColonizationTree.cpp in Sources */ = {isa = PBXBuildFile; fileRef = 320E7BCE2AAC104000BEC8EE /* CColonizationTree.cpp */; };
		3298E7D62ACB057D006EC9D6 /* CCellInfo.cpp in Sources */ = {isa = PBXBuildFile; fileRef = 3298E7D52ACB057D006EC9D6 /* CCellInfo.cpp */; };
		32C4FC122AB505840001555A /* CTimeCounter.cpp in Sources */ = {isa = PBXBuildFile; fileRef = 32C4FC102AB505840001555A /* CTimeCounter.cpp */; };
/* End PBXBuildFile section */

/* Begin PBXCopyFilesBuildPhase section */
		320E7BB12AAA7DF800BEC8EE /* CopyFiles */ = {
			isa = PBXCopyFilesBuildPhase;
			buildActionMask = 2147483647;
			dstPath = /usr/share/man/man1/;
			dstSubfolderSpec = 0;
			files = (
			);
			runOnlyForDeploymentPostprocessing = 1;
		};
/* End PBXCopyFilesBuildPhase section */

/* Begin PBXFileReference section */
		3208CD8C2ABA94CF00149A16 /* TreeClasses.h */ = {isa = PBXFileReference; fileEncoding = 4; lastKnownFileType = sourcecode.c.h; name = TreeClasses.h; path = ../../TreeClasses.h; sourceTree = "<group>"; };
		3208CD8D2ABA94D000149A16 /* CRoughnessDensityMap.h */ = {isa = PBXFileReference; fileEncoding = 4; lastKnownFileType = sourcecode.c.h; name = CRoughnessDensityMap.h; path = ../../CRoughnessDensityMap.h; sourceTree = "<group>"; };
		3208CD8E2ABA94D000149A16 /* CHeightDensity.h */ = {isa = PBXFileReference; fileEncoding = 4; lastKnownFileType = sourcecode.c.h; name = CHeightDensity.h; path = ../../CHeightDensity.h; sourceTree = "<group>"; };
		3208CD8F2ABA94D000149A16 /* CMoistureDensityMap.h */ = {isa = PBXFileReference; fileEncoding = 4; lastKnownFileType = sourcecode.c.h; name = CMoistureDensityMap.h; path = ../../CMoistureDensityMap.h; sourceTree = "<group>"; };
		3208CD902ABA94D000149A16 /* CSlopeDensityMap.h */ = {isa = PBXFileReference; fileEncoding = 4; lastKnownFileType = sourcecode.c.h; name = CSlopeDensityMap.h; path = ../../CSlopeDensityMap.h; sourceTree = "<group>"; };
		320E7BB32AAA7DF800BEC8EE /* PlantsSimulation */ = {isa = PBXFileReference; explicitFileType = "compiled.mach-o.executable"; includeInIndex = 0; path = PlantsSimulation; sourceTree = BUILT_PRODUCTS_DIR; };
		320E7BBF2AAA7E2900BEC8EE /* CPlantsSimulation.cpp */ = {isa = PBXFileReference; fileEncoding = 4; lastKnownFileType = sourcecode.cpp.cpp; name = CPlantsSimulation.cpp; path = ../../CPlantsSimulation.cpp; sourceTree = "<group>"; };
		320E7BC02AAA7E2900BEC8EE /* CForest.h */ = {isa = PBXFileReference; fileEncoding = 4; lastKnownFileType = sourcecode.c.h; name = CForest.h; path = ../../CForest.h; sourceTree = "<group>"; };
		320E7BC12AAA7E2900BEC8EE /* CColonizationTree.h */ = {isa = PBXFileReference; fileEncoding = 4; lastKnownFileType = sourcecode.c.h; name = CColonizationTree.h; path = ../../CColonizationTree.h; sourceTree = "<group>"; };
		320E7BC22AAA7E2900BEC8EE /* main.cpp */ = {isa = PBXFileReference; fileEncoding = 4; lastKnownFileType = sourcecode.cpp.cpp; name = main.cpp; path = ../../main.cpp; sourceTree = "<group>"; };
		320E7BC32AAA7E2900BEC8EE /* CForest.cpp */ = {isa = PBXFileReference; fileEncoding = 4; lastKnownFileType = sourcecode.cpp.cpp; name = CForest.cpp; path = ../../CForest.cpp; sourceTree = "<group>"; };
		320E7BC42AAA7E2900BEC8EE /* CPlantsSimulation.h */ = {isa = PBXFileReference; fileEncoding = 4; lastKnownFileType = sourcecode.c.h; name = CPlantsSimulation.h; path = ../../CPlantsSimulation.h; sourceTree = "<group>"; };
		320E7BC92AAA7E3F00BEC8EE /* stb_image.h */ = {isa = PBXFileReference; fileEncoding = 4; lastKnownFileType = sourcecode.c.h; name = stb_image.h; path = ../../stb_image.h; sourceTree = "<group>"; };
		320E7BCA2AAA7E3F00BEC8EE /* stb_image_write.h */ = {isa = PBXFileReference; fileEncoding = 4; lastKnownFileType = sourcecode.c.h; name = stb_image_write.h; path = ../../stb_image_write.h; sourceTree = "<group>"; };
		320E7BCB2AAA7E3F00BEC8EE /* PsHelper.cpp */ = {isa = PBXFileReference; fileEncoding = 4; lastKnownFileType = sourcecode.cpp.cpp; name = PsHelper.cpp; path = ../../PsHelper.cpp; sourceTree = "<group>"; };
		320E7BCC2AAA7E3F00BEC8EE /* PsHelper.h */ = {isa = PBXFileReference; fileEncoding = 4; lastKnownFileType = sourcecode.c.h; name = PsHelper.h; path = ../../PsHelper.h; sourceTree = "<group>"; };
		320E7BCE2AAC104000BEC8EE /* CColonizationTree.cpp */ = {isa = PBXFileReference; fileEncoding = 4; lastKnownFileType = sourcecode.cpp.cpp; name = CColonizationTree.cpp; path = ../../CColonizationTree.cpp; sourceTree = "<group>"; };
		3257FA322ABCF3B700400A91 /* I2DMask.h */ = {isa = PBXFileReference; fileEncoding = 4; lastKnownFileType = sourcecode.c.h; name = I2DMask.h; path = ../../I2DMask.h; sourceTree = "<group>"; };
		3257FA332ABCF3B700400A91 /* CCellI2DMask.h */ = {isa = PBXFileReference; fileEncoding = 4; lastKnownFileType = sourcecode.c.h; name = CCellI2DMask.h; path = ../../CCellI2DMask.h; sourceTree = "<group>"; };
		3257FA342ABCF3B700400A91 /* CRoadAttributeDensityMap.h */ = {isa = PBXFileReference; fileEncoding = 4; lastKnownFileType = sourcecode.c.h; name = CRoadAttributeDensityMap.h; path = ../../CRoadAttributeDensityMap.h; sourceTree = "<group>"; };
		3257FA352ABE8E2D00400A91 /* PsMarco.h */ = {isa = PBXFileReference; fileEncoding = 4; lastKnownFileType = sourcecode.c.h; name = PsMarco.h; path = ../../PsMarco.h; sourceTree = "<group>"; };
		3298E7D42ACB057D006EC9D6 /* CCellInfo.h */ = {isa = PBXFileReference; fileEncoding = 4; lastKnownFileType = sourcecode.c.h; name = CCellInfo.h; path = ../../CCellInfo.h; sourceTree = "<group>"; };
		3298E7D52ACB057D006EC9D6 /* CCellInfo.cpp */ = {isa = PBXFileReference; fileEncoding = 4; lastKnownFileType = sourcecode.cpp.cpp; name = CCellInfo.cpp; path = ../../CCellInfo.cpp; sourceTree = "<group>"; };
		32C4FC102AB505840001555A /* CTimeCounter.cpp */ = {isa = PBXFileReference; fileEncoding = 4; lastKnownFileType = sourcecode.cpp.cpp; name = CTimeCounter.cpp; path = ../../CTimeCounter.cpp; sourceTree = "<group>"; };
		32C4FC112AB505840001555A /* CTimeCounter.h */ = {isa = PBXFileReference; fileEncoding = 4; lastKnownFileType = sourcecode.c.h; name = CTimeCounter.h; path = ../../CTimeCounter.h; sourceTree = "<group>"; };
/* End PBXFileReference section */

/* Begin PBXFrameworksBuildPhase section */
		320E7BB02AAA7DF800BEC8EE /* Frameworks */ = {
			isa = PBXFrameworksBuildPhase;
			buildActionMask = 2147483647;
			files = (
			);
			runOnlyForDeploymentPostprocessing = 0;
		};
/* End PBXFrameworksBuildPhase section */

/* Begin PBXGroup section */
		320E7BAA2AAA7DF700BEC8EE = {
			isa = PBXGroup;
			children = (
				320E7BB52AAA7DF800BEC8EE /* PlantsSimulation */,
				320E7BB42AAA7DF800BEC8EE /* Products */,
			);
			sourceTree = "<group>";
		};
		320E7BB42AAA7DF800BEC8EE /* Products */ = {
			isa = PBXGroup;
			children = (
				320E7BB32AAA7DF800BEC8EE /* PlantsSimulation */,
			);
			name = Products;
			sourceTree = "<group>";
		};
		320E7BB52AAA7DF800BEC8EE /* PlantsSimulation */ = {
			isa = PBXGroup;
			children = (
				3298E7D52ACB057D006EC9D6 /* CCellInfo.cpp */,
				3298E7D42ACB057D006EC9D6 /* CCellInfo.h */,
				3257FA352ABE8E2D00400A91 /* PsMarco.h */,
				3257FA332ABCF3B700400A91 /* CCellI2DMask.h */,
				3257FA342ABCF3B700400A91 /* CRoadAttributeDensityMap.h */,
				3257FA322ABCF3B700400A91 /* I2DMask.h */,
				3208CD8E2ABA94D000149A16 /* CHeightDensity.h */,
				3208CD8F2ABA94D000149A16 /* CMoistureDensityMap.h */,
				3208CD8D2ABA94D000149A16 /* CRoughnessDensityMap.h */,
				3208CD902ABA94D000149A16 /* CSlopeDensityMap.h */,
				3208CD8C2ABA94CF00149A16 /* TreeClasses.h */,
				32C4FC102AB505840001555A /* CTimeCounter.cpp */,
				32C4FC112AB505840001555A /* CTimeCounter.h */,
				320E7BCE2AAC104000BEC8EE /* CColonizationTree.cpp */,
				320E7BCB2AAA7E3F00BEC8EE /* PsHelper.cpp */,
				320E7BCC2AAA7E3F00BEC8EE /* PsHelper.h */,
				320E7BCA2AAA7E3F00BEC8EE /* stb_image_write.h */,
				320E7BC92AAA7E3F00BEC8EE /* stb_image.h */,
				320E7BC12AAA7E2900BEC8EE /* CColonizationTree.h */,
				320E7BC32AAA7E2900BEC8EE /* CForest.cpp */,
				320E7BC02AAA7E2900BEC8EE /* CForest.h */,
				320E7BBF2AAA7E2900BEC8EE /* CPlantsSimulation.cpp */,
				320E7BC42AAA7E2900BEC8EE /* CPlantsSimulation.h */,
				320E7BC22AAA7E2900BEC8EE /* main.cpp */,
			);
			path = PlantsSimulation;
			sourceTree = "<group>";
		};
/* End PBXGroup section */

/* Begin PBXNativeTarget section */
		320E7BB22AAA7DF800BEC8EE /* PlantsSimulation */ = {
			isa = PBXNativeTarget;
			buildConfigurationList = 320E7BBA2AAA7DF800BEC8EE /* Build configuration list for PBXNativeTarget "PlantsSimulation" */;
			buildPhases = (
				320E7BAF2AAA7DF800BEC8EE /* Sources */,
				320E7BB02AAA7DF800BEC8EE /* Frameworks */,
				320E7BB12AAA7DF800BEC8EE /* CopyFiles */,
			);
			buildRules = (
			);
			dependencies = (
			);
			name = PlantsSimulation;
			productName = PlantsSimulation;
			productReference = 320E7BB32AAA7DF800BEC8EE /* PlantsSimulation */;
			productType = "com.apple.product-type.tool";
		};
/* End PBXNativeTarget section */

/* Begin PBXProject section */
		320E7BAB2AAA7DF700BEC8EE /* Project object */ = {
			isa = PBXProject;
			attributes = {
				BuildIndependentTargetsInParallel = 1;
				LastUpgradeCheck = 1430;
				TargetAttributes = {
					320E7BB22AAA7DF800BEC8EE = {
						CreatedOnToolsVersion = 14.3.1;
					};
				};
			};
			buildConfigurationList = 320E7BAE2AAA7DF700BEC8EE /* Build configuration list for PBXProject "PlantsSimulation" */;
			compatibilityVersion = "Xcode 14.0";
			developmentRegion = en;
			hasScannedForEncodings = 0;
			knownRegions = (
				en,
				Base,
			);
			mainGroup = 320E7BAA2AAA7DF700BEC8EE;
			productRefGroup = 320E7BB42AAA7DF800BEC8EE /* Products */;
			projectDirPath = "";
			projectRoot = "";
			targets = (
				320E7BB22AAA7DF800BEC8EE /* PlantsSimulation */,
			);
		};
/* End PBXProject section */

/* Begin PBXSourcesBuildPhase section */
		320E7BAF2AAA7DF800BEC8EE /* Sources */ = {
			isa = PBXSourcesBuildPhase;
			buildActionMask = 2147483647;
			files = (
				320E7BCF2AAC104000BEC8EE /* CColonizationTree.cpp in Sources */,
				320E7BC62AAA7E2900BEC8EE /* CPlantsSimulation.cpp in Sources */,
				32C4FC122AB505840001555A /* CTimeCounter.cpp in Sources */,
				320E7BC82AAA7E2900BEC8EE /* CForest.cpp in Sources */,
				3298E7D62ACB057D006EC9D6 /* CCellInfo.cpp in Sources */,
				320E7BC72AAA7E2900BEC8EE /* main.cpp in Sources */,
				320E7BCD2AAA7E3F00BEC8EE /* PsHelper.cpp in Sources */,
			);
			runOnlyForDeploymentPostprocessing = 0;
		};
/* End PBXSourcesBuildPhase section */

/* Begin XCBuildConfiguration section */
		320E7BB82AAA7DF800BEC8EE /* Debug */ = {
			isa = XCBuildConfiguration;
			buildSettings = {
				ALWAYS_SEARCH_USER_PATHS = NO;
				CLANG_ANALYZER_NONNULL = YES;
				CLANG_ANALYZER_NUMBER_OBJECT_CONVERSION = YES_AGGRESSIVE;
				CLANG_CXX_LANGUAGE_STANDARD = "gnu++20";
				CLANG_ENABLE_MODULES = YES;
				CLANG_ENABLE_OBJC_ARC = YES;
				CLANG_ENABLE_OBJC_WEAK = YES;
				CLANG_WARN_BLOCK_CAPTURE_AUTORELEASING = YES;
				CLANG_WARN_BOOL_CONVERSION = YES;
				CLANG_WARN_COMMA = YES;
				CLANG_WARN_CONSTANT_CONVERSION = YES;
				CLANG_WARN_DEPRECATED_OBJC_IMPLEMENTATIONS = YES;
				CLANG_WARN_DIRECT_OBJC_ISA_USAGE = YES_ERROR;
				CLANG_WARN_DOCUMENTATION_COMMENTS = YES;
				CLANG_WARN_EMPTY_BODY = YES;
				CLANG_WARN_ENUM_CONVERSION = YES;
				CLANG_WARN_INFINITE_RECURSION = YES;
				CLANG_WARN_INT_CONVERSION = YES;
				CLANG_WARN_NON_LITERAL_NULL_CONVERSION = YES;
				CLANG_WARN_OBJC_IMPLICIT_RETAIN_SELF = YES;
				CLANG_WARN_OBJC_LITERAL_CONVERSION = YES;
				CLANG_WARN_OBJC_ROOT_CLASS = YES_ERROR;
				CLANG_WARN_QUOTED_INCLUDE_IN_FRAMEWORK_HEADER = YES;
				CLANG_WARN_RANGE_LOOP_ANALYSIS = YES;
				CLANG_WARN_STRICT_PROTOTYPES = YES;
				CLANG_WARN_SUSPICIOUS_MOVE = YES;
				CLANG_WARN_UNGUARDED_AVAILABILITY = YES_AGGRESSIVE;
				CLANG_WARN_UNREACHABLE_CODE = YES;
				CLANG_WARN__DUPLICATE_METHOD_MATCH = YES;
				COPY_PHASE_STRIP = NO;
				DEBUG_INFORMATION_FORMAT = dwarf;
				ENABLE_STRICT_OBJC_MSGSEND = YES;
				ENABLE_TESTABILITY = YES;
				GCC_C_LANGUAGE_STANDARD = gnu11;
				GCC_DYNAMIC_NO_PIC = NO;
				GCC_NO_COMMON_BLOCKS = YES;
				GCC_OPTIMIZATION_LEVEL = 0;
				GCC_PREPROCESSOR_DEFINITIONS = (
					"DEBUG=1",
					"$(inherited)",
				);
				GCC_WARN_64_TO_32_BIT_CONVERSION = YES;
				GCC_WARN_ABOUT_RETURN_TYPE = YES_ERROR;
				GCC_WARN_UNDECLARED_SELECTOR = YES;
				GCC_WARN_UNINITIALIZED_AUTOS = YES_AGGRESSIVE;
				GCC_WARN_UNUSED_FUNCTION = YES;
				GCC_WARN_UNUSED_VARIABLE = YES;
				MACOSX_DEPLOYMENT_TARGET = 13.3;
				MTL_ENABLE_DEBUG_INFO = INCLUDE_SOURCE;
				MTL_FAST_MATH = YES;
				ONLY_ACTIVE_ARCH = YES;
				SDKROOT = macosx;
			};
			name = Debug;
		};
		320E7BB92AAA7DF800BEC8EE /* Release */ = {
			isa = XCBuildConfiguration;
			buildSettings = {
				ALWAYS_SEARCH_USER_PATHS = NO;
				CLANG_ANALYZER_NONNULL = YES;
				CLANG_ANALYZER_NUMBER_OBJECT_CONVERSION = YES_AGGRESSIVE;
				CLANG_CXX_LANGUAGE_STANDARD = "gnu++20";
				CLANG_ENABLE_MODULES = YES;
				CLANG_ENABLE_OBJC_ARC = YES;
				CLANG_ENABLE_OBJC_WEAK = YES;
				CLANG_WARN_BLOCK_CAPTURE_AUTORELEASING = YES;
				CLANG_WARN_BOOL_CONVERSION = YES;
				CLANG_WARN_COMMA = YES;
				CLANG_WARN_CONSTANT_CONVERSION = YES;
				CLANG_WARN_DEPRECATED_OBJC_IMPLEMENTATIONS = YES;
				CLANG_WARN_DIRECT_OBJC_ISA_USAGE = YES_ERROR;
				CLANG_WARN_DOCUMENTATION_COMMENTS = YES;
				CLANG_WARN_EMPTY_BODY = YES;
				CLANG_WARN_ENUM_CONVERSION = YES;
				CLANG_WARN_INFINITE_RECURSION = YES;
				CLANG_WARN_INT_CONVERSION = YES;
				CLANG_WARN_NON_LITERAL_NULL_CONVERSION = YES;
				CLANG_WARN_OBJC_IMPLICIT_RETAIN_SELF = YES;
				CLANG_WARN_OBJC_LITERAL_CONVERSION = YES;
				CLANG_WARN_OBJC_ROOT_CLASS = YES_ERROR;
				CLANG_WARN_QUOTED_INCLUDE_IN_FRAMEWORK_HEADER = YES;
				CLANG_WARN_RANGE_LOOP_ANALYSIS = YES;
				CLANG_WARN_STRICT_PROTOTYPES = YES;
				CLANG_WARN_SUSPICIOUS_MOVE = YES;
				CLANG_WARN_UNGUARDED_AVAILABILITY = YES_AGGRESSIVE;
				CLANG_WARN_UNREACHABLE_CODE = YES;
				CLANG_WARN__DUPLICATE_METHOD_MATCH = YES;
				COPY_PHASE_STRIP = NO;
				DEBUG_INFORMATION_FORMAT = "dwarf-with-dsym";
				ENABLE_NS_ASSERTIONS = NO;
				ENABLE_STRICT_OBJC_MSGSEND = YES;
				GCC_C_LANGUAGE_STANDARD = gnu11;
				GCC_NO_COMMON_BLOCKS = YES;
				GCC_WARN_64_TO_32_BIT_CONVERSION = YES;
				GCC_WARN_ABOUT_RETURN_TYPE = YES_ERROR;
				GCC_WARN_UNDECLARED_SELECTOR = YES;
				GCC_WARN_UNINITIALIZED_AUTOS = YES_AGGRESSIVE;
				GCC_WARN_UNUSED_FUNCTION = YES;
				GCC_WARN_UNUSED_VARIABLE = YES;
				MACOSX_DEPLOYMENT_TARGET = 13.3;
				MTL_ENABLE_DEBUG_INFO = NO;
				MTL_FAST_MATH = YES;
				SDKROOT = macosx;
			};
			name = Release;
		};
		320E7BBB2AAA7DF800BEC8EE /* Debug */ = {
			isa = XCBuildConfiguration;
			buildSettings = {
				CODE_SIGN_STYLE = Automatic;
				DEVELOPMENT_TEAM = LRBR86W7V8;
				ENABLE_HARDENED_RUNTIME = YES;
				PRODUCT_NAME = "$(TARGET_NAME)";
			};
			name = Debug;
		};
		320E7BBC2AAA7DF800BEC8EE /* Release */ = {
			isa = XCBuildConfiguration;
			buildSettings = {
				CODE_SIGN_STYLE = Automatic;
				DEVELOPMENT_TEAM = LRBR86W7V8;
				ENABLE_HARDENED_RUNTIME = YES;
				PRODUCT_NAME = "$(TARGET_NAME)";
			};
			name = Release;
		};
/* End XCBuildConfiguration section */

/* Begin XCConfigurationList section */
		320E7BAE2AAA7DF700BEC8EE /* Build configuration list for PBXProject "PlantsSimulation" */ = {
			isa = XCConfigurationList;
			buildConfigurations = (
				320E7BB82AAA7DF800BEC8EE /* Debug */,
				320E7BB92AAA7DF800BEC8EE /* Release */,
			);
			defaultConfigurationIsVisible = 0;
			defaultConfigurationName = Release;
		};
		320E7BBA2AAA7DF800BEC8EE /* Build configuration list for PBXNativeTarget "PlantsSimulation" */ = {
			isa = XCConfigurationList;
			buildConfigurations = (
				320E7BBB2AAA7DF800BEC8EE /* Debug */,
				320E7BBC2AAA7DF800BEC8EE /* Release */,
			);
			defaultConfigurationIsVisible = 0;
			defaultConfigurationName = Release;
		};
/* End XCConfigurationList section */
	};
	rootObject = 320E7BAB2AAA7DF700BEC8EE /* Project object */;
}
